
Microsoft Visual Studio Solution File, Format Version 12.00
# Visual Studio Version 17
VisualStudioVersion = 17.2.32526.322
MinimumVisualStudioVersion = 10.0.40219.1
Project("{9A19103F-16F7-4668-BE54-9A1E7A4F7556}") = "lesson_08", "lesson_8\lesson_08.csproj", "{B0C94C06-D747-49D3-8707-9E68F3B2C5A0}"
EndProject
Project("{9A19103F-16F7-4668-BE54-9A1E7A4F7556}") = "lesson_13", "lesson_13\lesson_13.csproj", "{5C2F7506-B8BA-4418-84F8-BBF5E6417263}"
EndProject
Project("{9A19103F-16F7-4668-BE54-9A1E7A4F7556}") = "lesson_15", "lesson_15\lesson_15.csproj", "{C15EE099-A983-4427-899C-A85EA753794B}"
EndProject
Project("{9A19103F-16F7-4668-BE54-9A1E7A4F7556}") = "lesson_16", "lesson_16\lesson_16.csproj", "{68D1C692-8E80-4872-A31F-482A26B934BF}"
EndProject
Project("{9A19103F-16F7-4668-BE54-9A1E7A4F7556}") = "lesson_22", "lesson_22\lesson_22.csproj", "{8A6C8232-269A-46F1-B5A8-1B02112B341D}"
EndProject
Project("{9A19103F-16F7-4668-BE54-9A1E7A4F7556}") = "lesson_26", "lesson_26\lesson_26.csproj", "{F85CB5DF-CC5E-4902-BFA3-146986897640}"
EndProject
Project("{9A19103F-16F7-4668-BE54-9A1E7A4F7556}") = "lesson_26_2", "lesson_26_2\lesson_26_2.csproj", "{D4911C18-C76C-4DB0-BC4E-555557302792}"
EndProject
Project("{9A19103F-16F7-4668-BE54-9A1E7A4F7556}") = "lesson_26_3", "lesson_26_3\lesson_26_3.csproj", "{755302D9-E8F1-401E-B93E-EAA4BE65B62B}"
EndProject
Project("{9A19103F-16F7-4668-BE54-9A1E7A4F7556}") = "lesson_26_4", "lesson_26_4\lesson_26_4.csproj", "{6522547E-49D9-41A0-8187-E8BD68F6521A}"
EndProject
Project("{9A19103F-16F7-4668-BE54-9A1E7A4F7556}") = "lesson_35", "lesson_35\lesson_35.csproj", "{9E35E47A-6304-49D0-AE70-676BA5E435F0}"
EndProject
Project("{9A19103F-16F7-4668-BE54-9A1E7A4F7556}") = "lesson_35_2", "lesson_35_2\lesson_35_2.csproj", "{BF72D560-04B4-40E6-8E89-3BFB22769489}"
EndProject
Project("{9A19103F-16F7-4668-BE54-9A1E7A4F7556}") = "lesson_43", "lesson_43\lesson_43.csproj", "{08D9834B-128C-4D68-A154-60116E8AFB7C}"
EndProject
Project("{9A19103F-16F7-4668-BE54-9A1E7A4F7556}") = "lesson_43_2(pl_58)_hw_13", "lesson_43_2(pl_58)_hw_13\lesson_43_2(pl_58)_hw_13.csproj", "{15B1F6BA-3B99-4534-BDD5-5F19F2F5AFE2}"
EndProject
Project("{9A19103F-16F7-4668-BE54-9A1E7A4F7556}") = "lesson_43_pl_59_hw_14", "lesson_43_pl_59_hw_14\lesson_43_pl_59_hw_14.csproj", "{9D832C8E-081F-4843-A10B-B5F231F82A28}"
EndProject
Project("{FAE04EC0-301F-11D3-BF4B-00C04F79EFBC}") = "lesson_49_pl_66_hw_15", "lesson_49_pl_66_hw_15\lesson_49_pl_66_hw_15.csproj", "{584D3DA5-2CF1-41DF-BBD7-D8382DA36F89}"
EndProject
Global
	GlobalSection(SolutionConfigurationPlatforms) = preSolution
		Debug|Any CPU = Debug|Any CPU
		Release|Any CPU = Release|Any CPU
	EndGlobalSection
	GlobalSection(ProjectConfigurationPlatforms) = postSolution
		{B0C94C06-D747-49D3-8707-9E68F3B2C5A0}.Debug|Any CPU.ActiveCfg = Debug|Any CPU
		{B0C94C06-D747-49D3-8707-9E68F3B2C5A0}.Debug|Any CPU.Build.0 = Debug|Any CPU
		{B0C94C06-D747-49D3-8707-9E68F3B2C5A0}.Release|Any CPU.ActiveCfg = Release|Any CPU
		{B0C94C06-D747-49D3-8707-9E68F3B2C5A0}.Release|Any CPU.Build.0 = Release|Any CPU
		{5C2F7506-B8BA-4418-84F8-BBF5E6417263}.Debug|Any CPU.ActiveCfg = Debug|Any CPU
		{5C2F7506-B8BA-4418-84F8-BBF5E6417263}.Debug|Any CPU.Build.0 = Debug|Any CPU
		{5C2F7506-B8BA-4418-84F8-BBF5E6417263}.Release|Any CPU.ActiveCfg = Release|Any CPU
		{5C2F7506-B8BA-4418-84F8-BBF5E6417263}.Release|Any CPU.Build.0 = Release|Any CPU
		{C15EE099-A983-4427-899C-A85EA753794B}.Debug|Any CPU.ActiveCfg = Debug|Any CPU
		{C15EE099-A983-4427-899C-A85EA753794B}.Debug|Any CPU.Build.0 = Debug|Any CPU
		{C15EE099-A983-4427-899C-A85EA753794B}.Release|Any CPU.ActiveCfg = Release|Any CPU
		{C15EE099-A983-4427-899C-A85EA753794B}.Release|Any CPU.Build.0 = Release|Any CPU
		{68D1C692-8E80-4872-A31F-482A26B934BF}.Debug|Any CPU.ActiveCfg = Debug|Any CPU
		{68D1C692-8E80-4872-A31F-482A26B934BF}.Debug|Any CPU.Build.0 = Debug|Any CPU
		{68D1C692-8E80-4872-A31F-482A26B934BF}.Release|Any CPU.ActiveCfg = Release|Any CPU
		{68D1C692-8E80-4872-A31F-482A26B934BF}.Release|Any CPU.Build.0 = Release|Any CPU
		{8A6C8232-269A-46F1-B5A8-1B02112B341D}.Debug|Any CPU.ActiveCfg = Debug|Any CPU
		{8A6C8232-269A-46F1-B5A8-1B02112B341D}.Debug|Any CPU.Build.0 = Debug|Any CPU
		{8A6C8232-269A-46F1-B5A8-1B02112B341D}.Release|Any CPU.ActiveCfg = Release|Any CPU
		{8A6C8232-269A-46F1-B5A8-1B02112B341D}.Release|Any CPU.Build.0 = Release|Any CPU
		{F85CB5DF-CC5E-4902-BFA3-146986897640}.Debug|Any CPU.ActiveCfg = Debug|Any CPU
		{F85CB5DF-CC5E-4902-BFA3-146986897640}.Debug|Any CPU.Build.0 = Debug|Any CPU
		{F85CB5DF-CC5E-4902-BFA3-146986897640}.Release|Any CPU.ActiveCfg = Release|Any CPU
		{F85CB5DF-CC5E-4902-BFA3-146986897640}.Release|Any CPU.Build.0 = Release|Any CPU
		{D4911C18-C76C-4DB0-BC4E-555557302792}.Debug|Any CPU.ActiveCfg = Debug|Any CPU
		{D4911C18-C76C-4DB0-BC4E-555557302792}.Debug|Any CPU.Build.0 = Debug|Any CPU
		{D4911C18-C76C-4DB0-BC4E-555557302792}.Release|Any CPU.ActiveCfg = Release|Any CPU
		{D4911C18-C76C-4DB0-BC4E-555557302792}.Release|Any CPU.Build.0 = Release|Any CPU
		{755302D9-E8F1-401E-B93E-EAA4BE65B62B}.Debug|Any CPU.ActiveCfg = Debug|Any CPU
		{755302D9-E8F1-401E-B93E-EAA4BE65B62B}.Debug|Any CPU.Build.0 = Debug|Any CPU
		{755302D9-E8F1-401E-B93E-EAA4BE65B62B}.Release|Any CPU.ActiveCfg = Release|Any CPU
		{755302D9-E8F1-401E-B93E-EAA4BE65B62B}.Release|Any CPU.Build.0 = Release|Any CPU
		{6522547E-49D9-41A0-8187-E8BD68F6521A}.Debug|Any CPU.ActiveCfg = Debug|Any CPU
		{6522547E-49D9-41A0-8187-E8BD68F6521A}.Debug|Any CPU.Build.0 = Debug|Any CPU
		{6522547E-49D9-41A0-8187-E8BD68F6521A}.Release|Any CPU.ActiveCfg = Release|Any CPU
		{6522547E-49D9-41A0-8187-E8BD68F6521A}.Release|Any CPU.Build.0 = Release|Any CPU
		{9E35E47A-6304-49D0-AE70-676BA5E435F0}.Debug|Any CPU.ActiveCfg = Debug|Any CPU
		{9E35E47A-6304-49D0-AE70-676BA5E435F0}.Debug|Any CPU.Build.0 = Debug|Any CPU
		{9E35E47A-6304-49D0-AE70-676BA5E435F0}.Release|Any CPU.ActiveCfg = Release|Any CPU
		{9E35E47A-6304-49D0-AE70-676BA5E435F0}.Release|Any CPU.Build.0 = Release|Any CPU
		{BF72D560-04B4-40E6-8E89-3BFB22769489}.Debug|Any CPU.ActiveCfg = Debug|Any CPU
		{BF72D560-04B4-40E6-8E89-3BFB22769489}.Debug|Any CPU.Build.0 = Debug|Any CPU
		{BF72D560-04B4-40E6-8E89-3BFB22769489}.Release|Any CPU.ActiveCfg = Release|Any CPU
		{BF72D560-04B4-40E6-8E89-3BFB22769489}.Release|Any CPU.Build.0 = Release|Any CPU
		{08D9834B-128C-4D68-A154-60116E8AFB7C}.Debug|Any CPU.ActiveCfg = Debug|Any CPU
		{08D9834B-128C-4D68-A154-60116E8AFB7C}.Debug|Any CPU.Build.0 = Debug|Any CPU
		{08D9834B-128C-4D68-A154-60116E8AFB7C}.Release|Any CPU.ActiveCfg = Release|Any CPU
		{08D9834B-128C-4D68-A154-60116E8AFB7C}.Release|Any CPU.Build.0 = Release|Any CPU
		{15B1F6BA-3B99-4534-BDD5-5F19F2F5AFE2}.Debug|Any CPU.ActiveCfg = Debug|Any CPU
		{15B1F6BA-3B99-4534-BDD5-5F19F2F5AFE2}.Debug|Any CPU.Build.0 = Debug|Any CPU
		{15B1F6BA-3B99-4534-BDD5-5F19F2F5AFE2}.Release|Any CPU.ActiveCfg = Release|Any CPU
		{15B1F6BA-3B99-4534-BDD5-5F19F2F5AFE2}.Release|Any CPU.Build.0 = Release|Any CPU
		{9D832C8E-081F-4843-A10B-B5F231F82A28}.Debug|Any CPU.ActiveCfg = Debug|Any CPU
		{9D832C8E-081F-4843-A10B-B5F231F82A28}.Debug|Any CPU.Build.0 = Debug|Any CPU
		{9D832C8E-081F-4843-A10B-B5F231F82A28}.Release|Any CPU.ActiveCfg = Release|Any CPU
		{9D832C8E-081F-4843-A10B-B5F231F82A28}.Release|Any CPU.Build.0 = Release|Any CPU
		{584D3DA5-2CF1-41DF-BBD7-D8382DA36F89}.Debug|Any CPU.ActiveCfg = Debug|Any CPU
		{584D3DA5-2CF1-41DF-BBD7-D8382DA36F89}.Debug|Any CPU.Build.0 = Debug|Any CPU
		{584D3DA5-2CF1-41DF-BBD7-D8382DA36F89}.Release|Any CPU.ActiveCfg = Release|Any CPU
		{584D3DA5-2CF1-41DF-BBD7-D8382DA36F89}.Release|Any CPU.Build.0 = Release|Any CPU
	EndGlobalSection
	GlobalSection(SolutionProperties) = preSolution
		HideSolutionNode = FALSE
	EndGlobalSection
	GlobalSection(ExtensibilityGlobals) = postSolution
		SolutionGuid = {ADFF1573-7021-45F8-BD91-CCA5BEF55229}
	EndGlobalSection
EndGlobal
